
Microsoft Visual Studio Solution File, Format Version 12.00
# Visual Studio Version 17
VisualStudioVersion = 17.2.32519.379
MinimumVisualStudioVersion = 10.0.40219.1
Project("{9A19103F-16F7-4668-BE54-9A1E7A4F7556}") = "MaxBackup.ServiceApp", "MaxBackup.ServiceApp\MaxBackup.ServiceApp.csproj", "{2B1A6765-0027-46E1-BE5D-287C4430701C}"
EndProject
Project("{2150E333-8FDC-42A3-9474-1A3956D46DE8}") = "Root", "Root", "{C9BE917E-4E68-4B21-B683-E7801E9C8D4A}"
	ProjectSection(SolutionItems) = preProject
		LICENSE = LICENSE
	EndProjectSection
EndProject
Global
	GlobalSection(SolutionConfigurationPlatforms) = preSolution
		Debug|Any CPU = Debug|Any CPU
		Release|Any CPU = Release|Any CPU
	EndGlobalSection
	GlobalSection(ProjectConfigurationPlatforms) = postSolution
		{2B1A6765-0027-46E1-BE5D-287C4430701C}.Debug|Any CPU.ActiveCfg = Debug|Any CPU
		{2B1A6765-0027-46E1-BE5D-287C4430701C}.Debug|Any CPU.Build.0 = Debug|Any CPU
		{2B1A6765-0027-46E1-BE5D-287C4430701C}.Release|Any CPU.ActiveCfg = Release|Any CPU
		{2B1A6765-0027-46E1-BE5D-287C4430701C}.Release|Any CPU.Build.0 = Release|Any CPU
	EndGlobalSection
	GlobalSection(SolutionProperties) = preSolution
		HideSolutionNode = FALSE
	EndGlobalSection
	GlobalSection(ExtensibilityGlobals) = postSolution
		SolutionGuid = {2399BE14-44F4-40A2-9DEE-C94EB5FA434F}
	EndGlobalSection
EndGlobal
